
Microsoft Visual Studio Solution File, Format Version 12.00
# Visual Studio Express 2013 for Windows Desktop
VisualStudioVersion = 12.0.21005.1
MinimumVisualStudioVersion = 10.0.40219.1
Project("{FAE04EC0-301F-11D3-BF4B-00C04F79EFBC}") = "SerialListenerApplication", "SerialListenerApplication\SerialListenerApplication.csproj", "{F2678CED-515F-414E-9371-D1133DCFCE77}"
EndProject
Project("{FAE04EC0-301F-11D3-BF4B-00C04F79EFBC}") = "GenerateJSON", "GenerateJSON\GenerateJSON.csproj", "{39AB793A-05DC-418F-975B-886245A1F314}"
EndProject
Project("{FAE04EC0-301F-11D3-BF4B-00C04F79EFBC}") = "SerialService", "SerialService\SerialService.csproj", "{E8218E6F-AC2B-4026-8CB5-83840415F440}"
EndProject
Project("{FAE04EC0-301F-11D3-BF4B-00C04F79EFBC}") = "SerialListenerInstaller", "SerialListenerInstaller\SerialListenerInstaller.csproj", "{17728FEC-D4F9-4034-B306-3DBB471FF0D6}"
EndProject
Global
	GlobalSection(SolutionConfigurationPlatforms) = preSolution
		Debug|Any CPU = Debug|Any CPU
		Debug|Mixed Platforms = Debug|Mixed Platforms
		Debug|x86 = Debug|x86
		Release|Any CPU = Release|Any CPU
		Release|Mixed Platforms = Release|Mixed Platforms
		Release|x86 = Release|x86
	EndGlobalSection
	GlobalSection(ProjectConfigurationPlatforms) = postSolution
		{F2678CED-515F-414E-9371-D1133DCFCE77}.Debug|Any CPU.ActiveCfg = Debug|x86
		{F2678CED-515F-414E-9371-D1133DCFCE77}.Debug|Mixed Platforms.ActiveCfg = Debug|x86
		{F2678CED-515F-414E-9371-D1133DCFCE77}.Debug|Mixed Platforms.Build.0 = Debug|x86
		{F2678CED-515F-414E-9371-D1133DCFCE77}.Debug|x86.ActiveCfg = Debug|x86
		{F2678CED-515F-414E-9371-D1133DCFCE77}.Debug|x86.Build.0 = Debug|x86
		{F2678CED-515F-414E-9371-D1133DCFCE77}.Release|Any CPU.ActiveCfg = Release|x86
		{F2678CED-515F-414E-9371-D1133DCFCE77}.Release|Mixed Platforms.ActiveCfg = Release|x86
		{F2678CED-515F-414E-9371-D1133DCFCE77}.Release|Mixed Platforms.Build.0 = Release|x86
		{F2678CED-515F-414E-9371-D1133DCFCE77}.Release|x86.ActiveCfg = Release|x86
		{F2678CED-515F-414E-9371-D1133DCFCE77}.Release|x86.Build.0 = Release|x86
		{39AB793A-05DC-418F-975B-886245A1F314}.Debug|Any CPU.ActiveCfg = Debug|x86
		{39AB793A-05DC-418F-975B-886245A1F314}.Debug|Mixed Platforms.ActiveCfg = Debug|x86
		{39AB793A-05DC-418F-975B-886245A1F314}.Debug|Mixed Platforms.Build.0 = Debug|x86
		{39AB793A-05DC-418F-975B-886245A1F314}.Debug|x86.ActiveCfg = Debug|x86
		{39AB793A-05DC-418F-975B-886245A1F314}.Debug|x86.Build.0 = Debug|x86
		{39AB793A-05DC-418F-975B-886245A1F314}.Release|Any CPU.ActiveCfg = Release|x86
		{39AB793A-05DC-418F-975B-886245A1F314}.Release|Mixed Platforms.ActiveCfg = Release|x86
		{39AB793A-05DC-418F-975B-886245A1F314}.Release|Mixed Platforms.Build.0 = Release|x86
		{39AB793A-05DC-418F-975B-886245A1F314}.Release|x86.ActiveCfg = Release|x86
		{39AB793A-05DC-418F-975B-886245A1F314}.Release|x86.Build.0 = Release|x86
		{E8218E6F-AC2B-4026-8CB5-83840415F440}.Debug|Any CPU.ActiveCfg = Debug|Any CPU
		{E8218E6F-AC2B-4026-8CB5-83840415F440}.Debug|Any CPU.Build.0 = Debug|Any CPU
		{E8218E6F-AC2B-4026-8CB5-83840415F440}.Debug|Mixed Platforms.ActiveCfg = Debug|Any CPU
		{E8218E6F-AC2B-4026-8CB5-83840415F440}.Debug|Mixed Platforms.Build.0 = Debug|Any CPU
		{E8218E6F-AC2B-4026-8CB5-83840415F440}.Debug|x86.ActiveCfg = Debug|Any CPU
		{E8218E6F-AC2B-4026-8CB5-83840415F440}.Release|Any CPU.ActiveCfg = Release|Any CPU
		{E8218E6F-AC2B-4026-8CB5-83840415F440}.Release|Any CPU.Build.0 = Release|Any CPU
		{E8218E6F-AC2B-4026-8CB5-83840415F440}.Release|Mixed Platforms.ActiveCfg = Release|Any CPU
		{E8218E6F-AC2B-4026-8CB5-83840415F440}.Release|Mixed Platforms.Build.0 = Release|Any CPU
		{E8218E6F-AC2B-4026-8CB5-83840415F440}.Release|x86.ActiveCfg = Release|Any CPU
		{17728FEC-D4F9-4034-B306-3DBB471FF0D6}.Debug|Any CPU.ActiveCfg = Debug|Any CPU
		{17728FEC-D4F9-4034-B306-3DBB471FF0D6}.Debug|Any CPU.Build.0 = Debug|Any CPU
		{17728FEC-D4F9-4034-B306-3DBB471FF0D6}.Debug|Mixed Platforms.ActiveCfg = Debug|Any CPU
		{17728FEC-D4F9-4034-B306-3DBB471FF0D6}.Debug|Mixed Platforms.Build.0 = Debug|Any CPU
		{17728FEC-D4F9-4034-B306-3DBB471FF0D6}.Debug|x86.ActiveCfg = Debug|Any CPU
		{17728FEC-D4F9-4034-B306-3DBB471FF0D6}.Release|Any CPU.ActiveCfg = Release|Any CPU
		{17728FEC-D4F9-4034-B306-3DBB471FF0D6}.Release|Any CPU.Build.0 = Release|Any CPU
		{17728FEC-D4F9-4034-B306-3DBB471FF0D6}.Release|Mixed Platforms.ActiveCfg = Release|Any CPU
		{17728FEC-D4F9-4034-B306-3DBB471FF0D6}.Release|Mixed Platforms.Build.0 = Release|Any CPU
		{17728FEC-D4F9-4034-B306-3DBB471FF0D6}.Release|x86.ActiveCfg = Release|Any CPU
	EndGlobalSection
	GlobalSection(SolutionProperties) = preSolution
		HideSolutionNode = FALSE
	EndGlobalSection
EndGlobal
